
Microsoft Visual Studio Solution File, Format Version 12.00
# Visual Studio Version 17
VisualStudioVersion = 17.8.34330.188
MinimumVisualStudioVersion = 10.0.40219.1
Project("{FAE04EC0-301F-11D3-BF4B-00C04F79EFBC}") = "SMS.web", "SMS.web\SMS.web.csproj", "{D7D9E456-E505-4344-8255-1F3848A198EF}"
EndProject
Project("{FAE04EC0-301F-11D3-BF4B-00C04F79EFBC}") = "SMS.data", "SMS.data\SMS.data.csproj", "{A469CBD1-8820-44EA-B7B8-C2C67A4B1CAC}"
EndProject
Project("{FAE04EC0-301F-11D3-BF4B-00C04F79EFBC}") = "SMS.core", "SMS.core\SMS.core.csproj", "{0058AAA9-E687-49B3-B51A-08F71711CD45}"
EndProject
Project("{FAE04EC0-301F-11D3-BF4B-00C04F79EFBC}") = "SMS.service", "SMS.service\SMS.service.csproj", "{996BDCF4-FE3B-4513-B57B-765109F6A75B}"
EndProject
Global
	GlobalSection(SolutionConfigurationPlatforms) = preSolution
		Debug|Any CPU = Debug|Any CPU
		Release|Any CPU = Release|Any CPU
	EndGlobalSection
	GlobalSection(ProjectConfigurationPlatforms) = postSolution
		{D7D9E456-E505-4344-8255-1F3848A198EF}.Debug|Any CPU.ActiveCfg = Debug|Any CPU
		{D7D9E456-E505-4344-8255-1F3848A198EF}.Debug|Any CPU.Build.0 = Debug|Any CPU
		{D7D9E456-E505-4344-8255-1F3848A198EF}.Release|Any CPU.ActiveCfg = Release|Any CPU
		{D7D9E456-E505-4344-8255-1F3848A198EF}.Release|Any CPU.Build.0 = Release|Any CPU
		{A469CBD1-8820-44EA-B7B8-C2C67A4B1CAC}.Debug|Any CPU.ActiveCfg = Debug|Any CPU
		{A469CBD1-8820-44EA-B7B8-C2C67A4B1CAC}.Debug|Any CPU.Build.0 = Debug|Any CPU
		{A469CBD1-8820-44EA-B7B8-C2C67A4B1CAC}.Release|Any CPU.ActiveCfg = Release|Any CPU
		{A469CBD1-8820-44EA-B7B8-C2C67A4B1CAC}.Release|Any CPU.Build.0 = Release|Any CPU
		{0058AAA9-E687-49B3-B51A-08F71711CD45}.Debug|Any CPU.ActiveCfg = Debug|Any CPU
		{0058AAA9-E687-49B3-B51A-08F71711CD45}.Debug|Any CPU.Build.0 = Debug|Any CPU
		{0058AAA9-E687-49B3-B51A-08F71711CD45}.Release|Any CPU.ActiveCfg = Release|Any CPU
		{0058AAA9-E687-49B3-B51A-08F71711CD45}.Release|Any CPU.Build.0 = Release|Any CPU
		{996BDCF4-FE3B-4513-B57B-765109F6A75B}.Debug|Any CPU.ActiveCfg = Debug|Any CPU
		{996BDCF4-FE3B-4513-B57B-765109F6A75B}.Debug|Any CPU.Build.0 = Debug|Any CPU
		{996BDCF4-FE3B-4513-B57B-765109F6A75B}.Release|Any CPU.ActiveCfg = Release|Any CPU
		{996BDCF4-FE3B-4513-B57B-765109F6A75B}.Release|Any CPU.Build.0 = Release|Any CPU
	EndGlobalSection
	GlobalSection(SolutionProperties) = preSolution
		HideSolutionNode = FALSE
	EndGlobalSection
	GlobalSection(ExtensibilityGlobals) = postSolution
		SolutionGuid = {E93212DD-BF05-4723-B0AA-7FAF724D5341}
	EndGlobalSection
EndGlobal
